
Microsoft Visual Studio Solution File, Format Version 12.00
# Visual Studio 15
VisualStudioVersion = 15.0.28307.705
MinimumVisualStudioVersion = 10.0.40219.1
Project("{888888A0-9F3D-457C-B088-3A5042F75D52}") = "siteUmka", "siteUmka\siteUmka.pyproj", "{350B6A9E-57FE-45CD-B37C-247B61F7210E}"
EndProject
Global
	GlobalSection(SolutionConfigurationPlatforms) = preSolution
		Debug|Any CPU = Debug|Any CPU
		Release|Any CPU = Release|Any CPU
	EndGlobalSection
	GlobalSection(ProjectConfigurationPlatforms) = postSolution
		{350B6A9E-57FE-45CD-B37C-247B61F7210E}.Debug|Any CPU.ActiveCfg = Debug|Any CPU
		{350B6A9E-57FE-45CD-B37C-247B61F7210E}.Debug|Any CPU.Build.0 = Debug|Any CPU
		{350B6A9E-57FE-45CD-B37C-247B61F7210E}.Release|Any CPU.ActiveCfg = Release|Any CPU
		{350B6A9E-57FE-45CD-B37C-247B61F7210E}.Release|Any CPU.Build.0 = Release|Any CPU
	EndGlobalSection
	GlobalSection(SolutionProperties) = preSolution
		HideSolutionNode = FALSE
	EndGlobalSection
	GlobalSection(ExtensibilityGlobals) = postSolution
		SolutionGuid = {DEE27E4A-9665-4E58-85BA-8A99CE1ACF48}
	EndGlobalSection
EndGlobal
